
Microsoft Visual Studio Solution File, Format Version 12.00
# Visual Studio Version 17
VisualStudioVersion = 17.11.35208.52
MinimumVisualStudioVersion = 10.0.40219.1
Project("{9A19103F-16F7-4668-BE54-9A1E7A4F7556}") = "FunctionalProgramming", "FunctionalProgramming\FunctionalProgramming.csproj", "{2994E6BB-9ED8-4525-AC38-15174BAD03CF}"
EndProject
Project("{2150E333-8FDC-42A3-9474-1A3956D46DE8}") = "LINQTut03", "LINQTut03", "{4FA91EA7-E951-4A0E-8FF7-01014D8F1E64}"
EndProject
Project("{2150E333-8FDC-42A3-9474-1A3956D46DE8}") = "Functional_Programming", "Functional_Programming", "{67813BFC-63C8-4F5A-B564-C52C4D929241}"
EndProject
Project("{9A19103F-16F7-4668-BE54-9A1E7A4F7556}") = "LINQTut03.Shared", "LINQTut03.Shared\LINQTut03.Shared.csproj", "{D23BF775-B582-4894-8DF2-C0B6671DAFB4}"
EndProject
Project("{9A19103F-16F7-4668-BE54-9A1E7A4F7556}") = "LINQTut03.Ex01", "LINQTut03.Ex01\LINQTut03.Ex01.csproj", "{5D8749E8-0104-4936-A0CA-0DFA1F34DD63}"
EndProject
Project("{9A19103F-16F7-4668-BE54-9A1E7A4F7556}") = "LINQTut03.Ex02", "LINQTut03.Ex02\LINQTut03.Ex02.csproj", "{737D324A-F71D-47C8-9C15-A44556FEE9C0}"
EndProject
Project("{9A19103F-16F7-4668-BE54-9A1E7A4F7556}") = "LINQTut03.Ex04", "LINQTut03.Ex04\LINQTut03.Ex04.csproj", "{03EB7EF2-E3A5-4698-BA90-A116B60C5903}"
EndProject
Project("{2150E333-8FDC-42A3-9474-1A3956D46DE8}") = "LINQTut04", "LINQTut04", "{3AE1D50D-AB70-4D3D-8AD0-1CDD2C531708}"
EndProject
Project("{FAE04EC0-301F-11D3-BF4B-00C04F79EFBC}") = "LINQTut04.Shared", "LINQTut04.Shared\LINQTut04.Shared.csproj", "{E7CC6577-F119-4EBE-91C2-DEBE583DCB01}"
EndProject
Project("{FAE04EC0-301F-11D3-BF4B-00C04F79EFBC}") = "LINQTut04.SELECT", "LINQTut04.SELECT\LINQTut04.SELECT.csproj", "{27B3550D-3095-455A-B91E-29E66AC98EB0}"
EndProject
Project("{FAE04EC0-301F-11D3-BF4B-00C04F79EFBC}") = "LINQTut04.SelectMany", "LINQTut04.SelectMany\LINQTut04.SelectMany.csproj", "{6C637A59-3EC5-42BF-B751-C1C8E1DB8F98}"
EndProject
Project("{FAE04EC0-301F-11D3-BF4B-00C04F79EFBC}") = "LINQTut04.Zip", "LINQTut04.Zip\LINQTut04.Zip.csproj", "{04623913-7B27-40B0-BDDA-AEFBFAFB7E7D}"
EndProject
Global
	GlobalSection(SolutionConfigurationPlatforms) = preSolution
		Debug|Any CPU = Debug|Any CPU
		Release|Any CPU = Release|Any CPU
	EndGlobalSection
	GlobalSection(ProjectConfigurationPlatforms) = postSolution
		{2994E6BB-9ED8-4525-AC38-15174BAD03CF}.Debug|Any CPU.ActiveCfg = Debug|Any CPU
		{2994E6BB-9ED8-4525-AC38-15174BAD03CF}.Debug|Any CPU.Build.0 = Debug|Any CPU
		{2994E6BB-9ED8-4525-AC38-15174BAD03CF}.Release|Any CPU.ActiveCfg = Release|Any CPU
		{2994E6BB-9ED8-4525-AC38-15174BAD03CF}.Release|Any CPU.Build.0 = Release|Any CPU
		{D23BF775-B582-4894-8DF2-C0B6671DAFB4}.Debug|Any CPU.ActiveCfg = Debug|Any CPU
		{D23BF775-B582-4894-8DF2-C0B6671DAFB4}.Debug|Any CPU.Build.0 = Debug|Any CPU
		{D23BF775-B582-4894-8DF2-C0B6671DAFB4}.Release|Any CPU.ActiveCfg = Release|Any CPU
		{D23BF775-B582-4894-8DF2-C0B6671DAFB4}.Release|Any CPU.Build.0 = Release|Any CPU
		{5D8749E8-0104-4936-A0CA-0DFA1F34DD63}.Debug|Any CPU.ActiveCfg = Debug|Any CPU
		{5D8749E8-0104-4936-A0CA-0DFA1F34DD63}.Debug|Any CPU.Build.0 = Debug|Any CPU
		{5D8749E8-0104-4936-A0CA-0DFA1F34DD63}.Release|Any CPU.ActiveCfg = Release|Any CPU
		{5D8749E8-0104-4936-A0CA-0DFA1F34DD63}.Release|Any CPU.Build.0 = Release|Any CPU
		{737D324A-F71D-47C8-9C15-A44556FEE9C0}.Debug|Any CPU.ActiveCfg = Debug|Any CPU
		{737D324A-F71D-47C8-9C15-A44556FEE9C0}.Debug|Any CPU.Build.0 = Debug|Any CPU
		{737D324A-F71D-47C8-9C15-A44556FEE9C0}.Release|Any CPU.ActiveCfg = Release|Any CPU
		{737D324A-F71D-47C8-9C15-A44556FEE9C0}.Release|Any CPU.Build.0 = Release|Any CPU
		{03EB7EF2-E3A5-4698-BA90-A116B60C5903}.Debug|Any CPU.ActiveCfg = Debug|Any CPU
		{03EB7EF2-E3A5-4698-BA90-A116B60C5903}.Debug|Any CPU.Build.0 = Debug|Any CPU
		{03EB7EF2-E3A5-4698-BA90-A116B60C5903}.Release|Any CPU.ActiveCfg = Release|Any CPU
		{03EB7EF2-E3A5-4698-BA90-A116B60C5903}.Release|Any CPU.Build.0 = Release|Any CPU
		{E7CC6577-F119-4EBE-91C2-DEBE583DCB01}.Debug|Any CPU.ActiveCfg = Debug|Any CPU
		{E7CC6577-F119-4EBE-91C2-DEBE583DCB01}.Debug|Any CPU.Build.0 = Debug|Any CPU
		{E7CC6577-F119-4EBE-91C2-DEBE583DCB01}.Release|Any CPU.ActiveCfg = Release|Any CPU
		{E7CC6577-F119-4EBE-91C2-DEBE583DCB01}.Release|Any CPU.Build.0 = Release|Any CPU
		{27B3550D-3095-455A-B91E-29E66AC98EB0}.Debug|Any CPU.ActiveCfg = Debug|Any CPU
		{27B3550D-3095-455A-B91E-29E66AC98EB0}.Debug|Any CPU.Build.0 = Debug|Any CPU
		{27B3550D-3095-455A-B91E-29E66AC98EB0}.Release|Any CPU.ActiveCfg = Release|Any CPU
		{27B3550D-3095-455A-B91E-29E66AC98EB0}.Release|Any CPU.Build.0 = Release|Any CPU
		{6C637A59-3EC5-42BF-B751-C1C8E1DB8F98}.Debug|Any CPU.ActiveCfg = Debug|Any CPU
		{6C637A59-3EC5-42BF-B751-C1C8E1DB8F98}.Debug|Any CPU.Build.0 = Debug|Any CPU
		{6C637A59-3EC5-42BF-B751-C1C8E1DB8F98}.Release|Any CPU.ActiveCfg = Release|Any CPU
		{6C637A59-3EC5-42BF-B751-C1C8E1DB8F98}.Release|Any CPU.Build.0 = Release|Any CPU
		{04623913-7B27-40B0-BDDA-AEFBFAFB7E7D}.Debug|Any CPU.ActiveCfg = Debug|Any CPU
		{04623913-7B27-40B0-BDDA-AEFBFAFB7E7D}.Debug|Any CPU.Build.0 = Debug|Any CPU
		{04623913-7B27-40B0-BDDA-AEFBFAFB7E7D}.Release|Any CPU.ActiveCfg = Release|Any CPU
		{04623913-7B27-40B0-BDDA-AEFBFAFB7E7D}.Release|Any CPU.Build.0 = Release|Any CPU
	EndGlobalSection
	GlobalSection(SolutionProperties) = preSolution
		HideSolutionNode = FALSE
	EndGlobalSection
	GlobalSection(NestedProjects) = preSolution
		{2994E6BB-9ED8-4525-AC38-15174BAD03CF} = {67813BFC-63C8-4F5A-B564-C52C4D929241}
		{D23BF775-B582-4894-8DF2-C0B6671DAFB4} = {4FA91EA7-E951-4A0E-8FF7-01014D8F1E64}
		{5D8749E8-0104-4936-A0CA-0DFA1F34DD63} = {4FA91EA7-E951-4A0E-8FF7-01014D8F1E64}
		{737D324A-F71D-47C8-9C15-A44556FEE9C0} = {4FA91EA7-E951-4A0E-8FF7-01014D8F1E64}
		{03EB7EF2-E3A5-4698-BA90-A116B60C5903} = {4FA91EA7-E951-4A0E-8FF7-01014D8F1E64}
		{E7CC6577-F119-4EBE-91C2-DEBE583DCB01} = {3AE1D50D-AB70-4D3D-8AD0-1CDD2C531708}
		{27B3550D-3095-455A-B91E-29E66AC98EB0} = {3AE1D50D-AB70-4D3D-8AD0-1CDD2C531708}
		{6C637A59-3EC5-42BF-B751-C1C8E1DB8F98} = {3AE1D50D-AB70-4D3D-8AD0-1CDD2C531708}
		{04623913-7B27-40B0-BDDA-AEFBFAFB7E7D} = {3AE1D50D-AB70-4D3D-8AD0-1CDD2C531708}
	EndGlobalSection
	GlobalSection(ExtensibilityGlobals) = postSolution
		SolutionGuid = {D50D743C-8CC6-4381-B0D8-AC53F4E63B64}
	EndGlobalSection
EndGlobal
